
Microsoft Visual Studio Solution File, Format Version 12.00
# Visual Studio Version 17
VisualStudioVersion = 17.1.32328.378
MinimumVisualStudioVersion = 10.0.40219.1
Project("{FAE04EC0-301F-11D3-BF4B-00C04F79EFBC}") = "JednoduchaKalkulacka.UWP", "JednoduchaKalkulacka\JednoduchaKalkulacka.UWP\JednoduchaKalkulacka.UWP.csproj", "{CF21B473-4817-4020-A84B-E000313F1684}"
EndProject
Project("{FAE04EC0-301F-11D3-BF4B-00C04F79EFBC}") = "JednoduchaKalkulacka.Android", "JednoduchaKalkulacka\JednoduchaKalkulacka.Android\JednoduchaKalkulacka.Android.csproj", "{8A5AB926-F02C-432E-91FC-BCDCFECF56B2}"
EndProject
Project("{FAE04EC0-301F-11D3-BF4B-00C04F79EFBC}") = "JednoduchaKalkulacka.iOS", "JednoduchaKalkulacka\JednoduchaKalkulacka.iOS\JednoduchaKalkulacka.iOS.csproj", "{99200B9D-801C-45C8-85C8-874626199B9A}"
EndProject
Project("{FAE04EC0-301F-11D3-BF4B-00C04F79EFBC}") = "JednoduchaKalkulacka", "JednoduchaKalkulacka\JednoduchaKalkulacka\JednoduchaKalkulacka.csproj", "{D678B328-BF70-41C2-8BF5-DC2C2613F47F}"
EndProject
Global
	GlobalSection(SolutionConfigurationPlatforms) = preSolution
		Debug|Any CPU = Debug|Any CPU
		Debug|ARM = Debug|ARM
		Debug|iPhone = Debug|iPhone
		Debug|iPhoneSimulator = Debug|iPhoneSimulator
		Debug|x64 = Debug|x64
		Debug|x86 = Debug|x86
		Release|Any CPU = Release|Any CPU
		Release|ARM = Release|ARM
		Release|iPhone = Release|iPhone
		Release|iPhoneSimulator = Release|iPhoneSimulator
		Release|x64 = Release|x64
		Release|x86 = Release|x86
	EndGlobalSection
	GlobalSection(ProjectConfigurationPlatforms) = postSolution
		{CF21B473-4817-4020-A84B-E000313F1684}.Debug|Any CPU.ActiveCfg = Debug|x64
		{CF21B473-4817-4020-A84B-E000313F1684}.Debug|Any CPU.Build.0 = Debug|x64
		{CF21B473-4817-4020-A84B-E000313F1684}.Debug|Any CPU.Deploy.0 = Debug|x64
		{CF21B473-4817-4020-A84B-E000313F1684}.Debug|ARM.ActiveCfg = Debug|ARM
		{CF21B473-4817-4020-A84B-E000313F1684}.Debug|ARM.Build.0 = Debug|ARM
		{CF21B473-4817-4020-A84B-E000313F1684}.Debug|ARM.Deploy.0 = Debug|ARM
		{CF21B473-4817-4020-A84B-E000313F1684}.Debug|iPhone.ActiveCfg = Debug|x64
		{CF21B473-4817-4020-A84B-E000313F1684}.Debug|iPhone.Build.0 = Debug|x64
		{CF21B473-4817-4020-A84B-E000313F1684}.Debug|iPhone.Deploy.0 = Debug|x64
		{CF21B473-4817-4020-A84B-E000313F1684}.Debug|iPhoneSimulator.ActiveCfg = Debug|x64
		{CF21B473-4817-4020-A84B-E000313F1684}.Debug|iPhoneSimulator.Build.0 = Debug|x64
		{CF21B473-4817-4020-A84B-E000313F1684}.Debug|iPhoneSimulator.Deploy.0 = Debug|x64
		{CF21B473-4817-4020-A84B-E000313F1684}.Debug|x64.ActiveCfg = Debug|x64
		{CF21B473-4817-4020-A84B-E000313F1684}.Debug|x64.Build.0 = Debug|x64
		{CF21B473-4817-4020-A84B-E000313F1684}.Debug|x64.Deploy.0 = Debug|x64
		{CF21B473-4817-4020-A84B-E000313F1684}.Debug|x86.ActiveCfg = Debug|x86
		{CF21B473-4817-4020-A84B-E000313F1684}.Debug|x86.Build.0 = Debug|x86
		{CF21B473-4817-4020-A84B-E000313F1684}.Debug|x86.Deploy.0 = Debug|x86
		{CF21B473-4817-4020-A84B-E000313F1684}.Release|Any CPU.ActiveCfg = Release|x64
		{CF21B473-4817-4020-A84B-E000313F1684}.Release|Any CPU.Build.0 = Release|x64
		{CF21B473-4817-4020-A84B-E000313F1684}.Release|Any CPU.Deploy.0 = Release|x64
		{CF21B473-4817-4020-A84B-E000313F1684}.Release|ARM.ActiveCfg = Release|ARM
		{CF21B473-4817-4020-A84B-E000313F1684}.Release|ARM.Build.0 = Release|ARM
		{CF21B473-4817-4020-A84B-E000313F1684}.Release|ARM.Deploy.0 = Release|ARM
		{CF21B473-4817-4020-A84B-E000313F1684}.Release|iPhone.ActiveCfg = Release|x64
		{CF21B473-4817-4020-A84B-E000313F1684}.Release|iPhone.Build.0 = Release|x64
		{CF21B473-4817-4020-A84B-E000313F1684}.Release|iPhone.Deploy.0 = Release|x64
		{CF21B473-4817-4020-A84B-E000313F1684}.Release|iPhoneSimulator.ActiveCfg = Release|x64
		{CF21B473-4817-4020-A84B-E000313F1684}.Release|iPhoneSimulator.Build.0 = Release|x64
		{CF21B473-4817-4020-A84B-E000313F1684}.Release|iPhoneSimulator.Deploy.0 = Release|x64
		{CF21B473-4817-4020-A84B-E000313F1684}.Release|x64.ActiveCfg = Release|x64
		{CF21B473-4817-4020-A84B-E000313F1684}.Release|x64.Build.0 = Release|x64
		{CF21B473-4817-4020-A84B-E000313F1684}.Release|x64.Deploy.0 = Release|x64
		{CF21B473-4817-4020-A84B-E000313F1684}.Release|x86.ActiveCfg = Release|x86
		{CF21B473-4817-4020-A84B-E000313F1684}.Release|x86.Build.0 = Release|x86
		{CF21B473-4817-4020-A84B-E000313F1684}.Release|x86.Deploy.0 = Release|x86
		{8A5AB926-F02C-432E-91FC-BCDCFECF56B2}.Debug|Any CPU.ActiveCfg = Debug|Any CPU
		{8A5AB926-F02C-432E-91FC-BCDCFECF56B2}.Debug|Any CPU.Build.0 = Debug|Any CPU
		{8A5AB926-F02C-432E-91FC-BCDCFECF56B2}.Debug|Any CPU.Deploy.0 = Debug|Any CPU
		{8A5AB926-F02C-432E-91FC-BCDCFECF56B2}.Debug|ARM.ActiveCfg = Debug|Any CPU
		{8A5AB926-F02C-432E-91FC-BCDCFECF56B2}.Debug|ARM.Build.0 = Debug|Any CPU
		{8A5AB926-F02C-432E-91FC-BCDCFECF56B2}.Debug|ARM.Deploy.0 = Debug|Any CPU
		{8A5AB926-F02C-432E-91FC-BCDCFECF56B2}.Debug|iPhone.ActiveCfg = Debug|Any CPU
		{8A5AB926-F02C-432E-91FC-BCDCFECF56B2}.Debug|iPhone.Build.0 = Debug|Any CPU
		{8A5AB926-F02C-432E-91FC-BCDCFECF56B2}.Debug|iPhone.Deploy.0 = Debug|Any CPU
		{8A5AB926-F02C-432E-91FC-BCDCFECF56B2}.Debug|iPhoneSimulator.ActiveCfg = Debug|Any CPU
		{8A5AB926-F02C-432E-91FC-BCDCFECF56B2}.Debug|iPhoneSimulator.Build.0 = Debug|Any CPU
		{8A5AB926-F02C-432E-91FC-BCDCFECF56B2}.Debug|iPhoneSimulator.Deploy.0 = Debug|Any CPU
		{8A5AB926-F02C-432E-91FC-BCDCFECF56B2}.Debug|x64.ActiveCfg = Debug|Any CPU
		{8A5AB926-F02C-432E-91FC-BCDCFECF56B2}.Debug|x64.Build.0 = Debug|Any CPU
		{8A5AB926-F02C-432E-91FC-BCDCFECF56B2}.Debug|x64.Deploy.0 = Debug|Any CPU
		{8A5AB926-F02C-432E-91FC-BCDCFECF56B2}.Debug|x86.ActiveCfg = Debug|Any CPU
		{8A5AB926-F02C-432E-91FC-BCDCFECF56B2}.Debug|x86.Build.0 = Debug|Any CPU
		{8A5AB926-F02C-432E-91FC-BCDCFECF56B2}.Debug|x86.Deploy.0 = Debug|Any CPU
		{8A5AB926-F02C-432E-91FC-BCDCFECF56B2}.Release|Any CPU.ActiveCfg = Release|Any CPU
		{8A5AB926-F02C-432E-91FC-BCDCFECF56B2}.Release|Any CPU.Build.0 = Release|Any CPU
		{8A5AB926-F02C-432E-91FC-BCDCFECF56B2}.Release|Any CPU.Deploy.0 = Release|Any CPU
		{8A5AB926-F02C-432E-91FC-BCDCFECF56B2}.Release|ARM.ActiveCfg = Release|Any CPU
		{8A5AB926-F02C-432E-91FC-BCDCFECF56B2}.Release|ARM.Build.0 = Release|Any CPU
		{8A5AB926-F02C-432E-91FC-BCDCFECF56B2}.Release|ARM.Deploy.0 = Release|Any CPU
		{8A5AB926-F02C-432E-91FC-BCDCFECF56B2}.Release|iPhone.ActiveCfg = Release|Any CPU
		{8A5AB926-F02C-432E-91FC-BCDCFECF56B2}.Release|iPhone.Build.0 = Release|Any CPU
		{8A5AB926-F02C-432E-91FC-BCDCFECF56B2}.Release|iPhone.Deploy.0 = Release|Any CPU
		{8A5AB926-F02C-432E-91FC-BCDCFECF56B2}.Release|iPhoneSimulator.ActiveCfg = Release|Any CPU
		{8A5AB926-F02C-432E-91FC-BCDCFECF56B2}.Release|iPhoneSimulator.Build.0 = Release|Any CPU
		{8A5AB926-F02C-432E-91FC-BCDCFECF56B2}.Release|iPhoneSimulator.Deploy.0 = Release|Any CPU
		{8A5AB926-F02C-432E-91FC-BCDCFECF56B2}.Release|x64.ActiveCfg = Release|Any CPU
		{8A5AB926-F02C-432E-91FC-BCDCFECF56B2}.Release|x64.Build.0 = Release|Any CPU
		{8A5AB926-F02C-432E-91FC-BCDCFECF56B2}.Release|x64.Deploy.0 = Release|Any CPU
		{8A5AB926-F02C-432E-91FC-BCDCFECF56B2}.Release|x86.ActiveCfg = Release|Any CPU
		{8A5AB926-F02C-432E-91FC-BCDCFECF56B2}.Release|x86.Build.0 = Release|Any CPU
		{8A5AB926-F02C-432E-91FC-BCDCFECF56B2}.Release|x86.Deploy.0 = Release|Any CPU
		{99200B9D-801C-45C8-85C8-874626199B9A}.Debug|Any CPU.ActiveCfg = Debug|iPhoneSimulator
		{99200B9D-801C-45C8-85C8-874626199B9A}.Debug|Any CPU.Build.0 = Debug|iPhoneSimulator
		{99200B9D-801C-45C8-85C8-874626199B9A}.Debug|Any CPU.Deploy.0 = Debug|iPhoneSimulator
		{99200B9D-801C-45C8-85C8-874626199B9A}.Debug|ARM.ActiveCfg = Debug|iPhoneSimulator
		{99200B9D-801C-45C8-85C8-874626199B9A}.Debug|ARM.Build.0 = Debug|iPhoneSimulator
		{99200B9D-801C-45C8-85C8-874626199B9A}.Debug|ARM.Deploy.0 = Debug|iPhoneSimulator
		{99200B9D-801C-45C8-85C8-874626199B9A}.Debug|iPhone.ActiveCfg = Debug|iPhone
		{99200B9D-801C-45C8-85C8-874626199B9A}.Debug|iPhone.Build.0 = Debug|iPhone
		{99200B9D-801C-45C8-85C8-874626199B9A}.Debug|iPhone.Deploy.0 = Debug|iPhone
		{99200B9D-801C-45C8-85C8-874626199B9A}.Debug|iPhoneSimulator.ActiveCfg = Debug|iPhoneSimulator
		{99200B9D-801C-45C8-85C8-874626199B9A}.Debug|iPhoneSimulator.Build.0 = Debug|iPhoneSimulator
		{99200B9D-801C-45C8-85C8-874626199B9A}.Debug|iPhoneSimulator.Deploy.0 = Debug|iPhoneSimulator
		{99200B9D-801C-45C8-85C8-874626199B9A}.Debug|x64.ActiveCfg = Debug|iPhone
		{99200B9D-801C-45C8-85C8-874626199B9A}.Debug|x64.Build.0 = Debug|iPhone
		{99200B9D-801C-45C8-85C8-874626199B9A}.Debug|x64.Deploy.0 = Debug|iPhone
		{99200B9D-801C-45C8-85C8-874626199B9A}.Debug|x86.ActiveCfg = Debug|iPhoneSimulator
		{99200B9D-801C-45C8-85C8-874626199B9A}.Debug|x86.Build.0 = Debug|iPhoneSimulator
		{99200B9D-801C-45C8-85C8-874626199B9A}.Debug|x86.Deploy.0 = Debug|iPhoneSimulator
		{99200B9D-801C-45C8-85C8-874626199B9A}.Release|Any CPU.ActiveCfg = Release|iPhoneSimulator
		{99200B9D-801C-45C8-85C8-874626199B9A}.Release|Any CPU.Build.0 = Release|iPhoneSimulator
		{99200B9D-801C-45C8-85C8-874626199B9A}.Release|Any CPU.Deploy.0 = Release|iPhoneSimulator
		{99200B9D-801C-45C8-85C8-874626199B9A}.Release|ARM.ActiveCfg = Release|iPhoneSimulator
		{99200B9D-801C-45C8-85C8-874626199B9A}.Release|ARM.Build.0 = Release|iPhoneSimulator
		{99200B9D-801C-45C8-85C8-874626199B9A}.Release|ARM.Deploy.0 = Release|iPhoneSimulator
		{99200B9D-801C-45C8-85C8-874626199B9A}.Release|iPhone.ActiveCfg = Release|iPhone
		{99200B9D-801C-45C8-85C8-874626199B9A}.Release|iPhone.Build.0 = Release|iPhone
		{99200B9D-801C-45C8-85C8-874626199B9A}.Release|iPhone.Deploy.0 = Release|iPhone
		{99200B9D-801C-45C8-85C8-874626199B9A}.Release|iPhoneSimulator.ActiveCfg = Release|iPhoneSimulator
		{99200B9D-801C-45C8-85C8-874626199B9A}.Release|iPhoneSimulator.Build.0 = Release|iPhoneSimulator
		{99200B9D-801C-45C8-85C8-874626199B9A}.Release|iPhoneSimulator.Deploy.0 = Release|iPhoneSimulator
		{99200B9D-801C-45C8-85C8-874626199B9A}.Release|x64.ActiveCfg = Release|iPhoneSimulator
		{99200B9D-801C-45C8-85C8-874626199B9A}.Release|x64.Build.0 = Release|iPhoneSimulator
		{99200B9D-801C-45C8-85C8-874626199B9A}.Release|x64.Deploy.0 = Release|iPhoneSimulator
		{99200B9D-801C-45C8-85C8-874626199B9A}.Release|x86.ActiveCfg = Release|iPhoneSimulator
		{99200B9D-801C-45C8-85C8-874626199B9A}.Release|x86.Build.0 = Release|iPhoneSimulator
		{99200B9D-801C-45C8-85C8-874626199B9A}.Release|x86.Deploy.0 = Release|iPhoneSimulator
		{D678B328-BF70-41C2-8BF5-DC2C2613F47F}.Debug|Any CPU.ActiveCfg = Debug|Any CPU
		{D678B328-BF70-41C2-8BF5-DC2C2613F47F}.Debug|Any CPU.Build.0 = Debug|Any CPU
		{D678B328-BF70-41C2-8BF5-DC2C2613F47F}.Debug|Any CPU.Deploy.0 = Debug|Any CPU
		{D678B328-BF70-41C2-8BF5-DC2C2613F47F}.Debug|ARM.ActiveCfg = Debug|Any CPU
		{D678B328-BF70-41C2-8BF5-DC2C2613F47F}.Debug|ARM.Build.0 = Debug|Any CPU
		{D678B328-BF70-41C2-8BF5-DC2C2613F47F}.Debug|ARM.Deploy.0 = Debug|Any CPU
		{D678B328-BF70-41C2-8BF5-DC2C2613F47F}.Debug|iPhone.ActiveCfg = Debug|Any CPU
		{D678B328-BF70-41C2-8BF5-DC2C2613F47F}.Debug|iPhone.Build.0 = Debug|Any CPU
		{D678B328-BF70-41C2-8BF5-DC2C2613F47F}.Debug|iPhone.Deploy.0 = Debug|Any CPU
		{D678B328-BF70-41C2-8BF5-DC2C2613F47F}.Debug|iPhoneSimulator.ActiveCfg = Debug|Any CPU
		{D678B328-BF70-41C2-8BF5-DC2C2613F47F}.Debug|iPhoneSimulator.Build.0 = Debug|Any CPU
		{D678B328-BF70-41C2-8BF5-DC2C2613F47F}.Debug|iPhoneSimulator.Deploy.0 = Debug|Any CPU
		{D678B328-BF70-41C2-8BF5-DC2C2613F47F}.Debug|x64.ActiveCfg = Debug|Any CPU
		{D678B328-BF70-41C2-8BF5-DC2C2613F47F}.Debug|x64.Build.0 = Debug|Any CPU
		{D678B328-BF70-41C2-8BF5-DC2C2613F47F}.Debug|x64.Deploy.0 = Debug|Any CPU
		{D678B328-BF70-41C2-8BF5-DC2C2613F47F}.Debug|x86.ActiveCfg = Debug|Any CPU
		{D678B328-BF70-41C2-8BF5-DC2C2613F47F}.Debug|x86.Build.0 = Debug|Any CPU
		{D678B328-BF70-41C2-8BF5-DC2C2613F47F}.Debug|x86.Deploy.0 = Debug|Any CPU
		{D678B328-BF70-41C2-8BF5-DC2C2613F47F}.Release|Any CPU.ActiveCfg = Release|Any CPU
		{D678B328-BF70-41C2-8BF5-DC2C2613F47F}.Release|Any CPU.Build.0 = Release|Any CPU
		{D678B328-BF70-41C2-8BF5-DC2C2613F47F}.Release|Any CPU.Deploy.0 = Release|Any CPU
		{D678B328-BF70-41C2-8BF5-DC2C2613F47F}.Release|ARM.ActiveCfg = Release|Any CPU
		{D678B328-BF70-41C2-8BF5-DC2C2613F47F}.Release|ARM.Build.0 = Release|Any CPU
		{D678B328-BF70-41C2-8BF5-DC2C2613F47F}.Release|ARM.Deploy.0 = Release|Any CPU
		{D678B328-BF70-41C2-8BF5-DC2C2613F47F}.Release|iPhone.ActiveCfg = Release|Any CPU
		{D678B328-BF70-41C2-8BF5-DC2C2613F47F}.Release|iPhone.Build.0 = Release|Any CPU
		{D678B328-BF70-41C2-8BF5-DC2C2613F47F}.Release|iPhone.Deploy.0 = Release|Any CPU
		{D678B328-BF70-41C2-8BF5-DC2C2613F47F}.Release|iPhoneSimulator.ActiveCfg = Release|Any CPU
		{D678B328-BF70-41C2-8BF5-DC2C2613F47F}.Release|iPhoneSimulator.Build.0 = Release|Any CPU
		{D678B328-BF70-41C2-8BF5-DC2C2613F47F}.Release|iPhoneSimulator.Deploy.0 = Release|Any CPU
		{D678B328-BF70-41C2-8BF5-DC2C2613F47F}.Release|x64.ActiveCfg = Release|Any CPU
		{D678B328-BF70-41C2-8BF5-DC2C2613F47F}.Release|x64.Build.0 = Release|Any CPU
		{D678B328-BF70-41C2-8BF5-DC2C2613F47F}.Release|x64.Deploy.0 = Release|Any CPU
		{D678B328-BF70-41C2-8BF5-DC2C2613F47F}.Release|x86.ActiveCfg = Release|Any CPU
		{D678B328-BF70-41C2-8BF5-DC2C2613F47F}.Release|x86.Build.0 = Release|Any CPU
		{D678B328-BF70-41C2-8BF5-DC2C2613F47F}.Release|x86.Deploy.0 = Release|Any CPU
	EndGlobalSection
	GlobalSection(SolutionProperties) = preSolution
		HideSolutionNode = FALSE
	EndGlobalSection
	GlobalSection(ExtensibilityGlobals) = postSolution
		SolutionGuid = {6E118191-50EC-457F-9CFF-18942A545D79}
	EndGlobalSection
EndGlobal
